
Microsoft Visual Studio Solution File, Format Version 12.00
# Visual Studio Version 16
VisualStudioVersion = 16.0.30001.183
MinimumVisualStudioVersion = 10.0.40219.1
Project("{FAE04EC0-301F-11D3-BF4B-00C04F79EFBC}") = "Entities", "Entities\Entities.csproj", "{6C2CF80D-E2B9-4E25-A884-82167C593334}"
EndProject
Project("{FAE04EC0-301F-11D3-BF4B-00C04F79EFBC}") = "Repository", "Repository\Repository.csproj", "{591AC2F6-495B-4941-8344-649679B70F67}"
EndProject
Project("{FAE04EC0-301F-11D3-BF4B-00C04F79EFBC}") = "Services", "Services\Services.csproj", "{8D6DAD16-BE67-4775-92A2-F538798A5A1C}"
EndProject
Project("{FAE04EC0-301F-11D3-BF4B-00C04F79EFBC}") = "WebApi", "WebApi\WebApi.csproj", "{D7F5B87E-079F-4558-96FA-6936622F4AE4}"
EndProject
Project("{FAE04EC0-301F-11D3-BF4B-00C04F79EFBC}") = "Framework", "Framework\Framework.csproj", "{57647EF7-5C47-4673-A5A2-F1B4CE5B290A}"
EndProject
Global
	GlobalSection(SolutionConfigurationPlatforms) = preSolution
		Debug|Any CPU = Debug|Any CPU
		Release|Any CPU = Release|Any CPU
	EndGlobalSection
	GlobalSection(ProjectConfigurationPlatforms) = postSolution
		{6C2CF80D-E2B9-4E25-A884-82167C593334}.Debug|Any CPU.ActiveCfg = Debug|Any CPU
		{6C2CF80D-E2B9-4E25-A884-82167C593334}.Debug|Any CPU.Build.0 = Debug|Any CPU
		{6C2CF80D-E2B9-4E25-A884-82167C593334}.Release|Any CPU.ActiveCfg = Release|Any CPU
		{6C2CF80D-E2B9-4E25-A884-82167C593334}.Release|Any CPU.Build.0 = Release|Any CPU
		{591AC2F6-495B-4941-8344-649679B70F67}.Debug|Any CPU.ActiveCfg = Debug|Any CPU
		{591AC2F6-495B-4941-8344-649679B70F67}.Debug|Any CPU.Build.0 = Debug|Any CPU
		{591AC2F6-495B-4941-8344-649679B70F67}.Release|Any CPU.ActiveCfg = Release|Any CPU
		{591AC2F6-495B-4941-8344-649679B70F67}.Release|Any CPU.Build.0 = Release|Any CPU
		{8D6DAD16-BE67-4775-92A2-F538798A5A1C}.Debug|Any CPU.ActiveCfg = Debug|Any CPU
		{8D6DAD16-BE67-4775-92A2-F538798A5A1C}.Debug|Any CPU.Build.0 = Debug|Any CPU
		{8D6DAD16-BE67-4775-92A2-F538798A5A1C}.Release|Any CPU.ActiveCfg = Release|Any CPU
		{8D6DAD16-BE67-4775-92A2-F538798A5A1C}.Release|Any CPU.Build.0 = Release|Any CPU
		{D7F5B87E-079F-4558-96FA-6936622F4AE4}.Debug|Any CPU.ActiveCfg = Debug|Any CPU
		{D7F5B87E-079F-4558-96FA-6936622F4AE4}.Debug|Any CPU.Build.0 = Debug|Any CPU
		{D7F5B87E-079F-4558-96FA-6936622F4AE4}.Release|Any CPU.ActiveCfg = Release|Any CPU
		{D7F5B87E-079F-4558-96FA-6936622F4AE4}.Release|Any CPU.Build.0 = Release|Any CPU
		{57647EF7-5C47-4673-A5A2-F1B4CE5B290A}.Debug|Any CPU.ActiveCfg = Debug|Any CPU
		{57647EF7-5C47-4673-A5A2-F1B4CE5B290A}.Debug|Any CPU.Build.0 = Debug|Any CPU
		{57647EF7-5C47-4673-A5A2-F1B4CE5B290A}.Release|Any CPU.ActiveCfg = Release|Any CPU
		{57647EF7-5C47-4673-A5A2-F1B4CE5B290A}.Release|Any CPU.Build.0 = Release|Any CPU
	EndGlobalSection
	GlobalSection(SolutionProperties) = preSolution
		HideSolutionNode = FALSE
	EndGlobalSection
	GlobalSection(ExtensibilityGlobals) = postSolution
		SolutionGuid = {11828596-391C-4BCB-A55A-D308DFBEFAEC}
	EndGlobalSection
EndGlobal
